
Microsoft Visual Studio Solution File, Format Version 12.00
# Visual Studio Version 17
VisualStudioVersion = 17.9.34616.47
MinimumVisualStudioVersion = 10.0.40219.1
Project("{FAE04EC0-301F-11D3-BF4B-00C04F79EFBC}") = "PomodoroTimerInCsharp", "PomodoroTimerInCsharp\PomodoroTimerInCsharp.csproj", "{0ACA8845-E0E6-4B2C-84B0-01B989B81175}"
EndProject
Global
	GlobalSection(SolutionConfigurationPlatforms) = preSolution
		Debug|Any CPU = Debug|Any CPU
		Release|Any CPU = Release|Any CPU
	EndGlobalSection
	GlobalSection(ProjectConfigurationPlatforms) = postSolution
		{0ACA8845-E0E6-4B2C-84B0-01B989B81175}.Debug|Any CPU.ActiveCfg = Debug|Any CPU
		{0ACA8845-E0E6-4B2C-84B0-01B989B81175}.Debug|Any CPU.Build.0 = Debug|Any CPU
		{0ACA8845-E0E6-4B2C-84B0-01B989B81175}.Release|Any CPU.ActiveCfg = Release|Any CPU
		{0ACA8845-E0E6-4B2C-84B0-01B989B81175}.Release|Any CPU.Build.0 = Release|Any CPU
	EndGlobalSection
	GlobalSection(SolutionProperties) = preSolution
		HideSolutionNode = FALSE
	EndGlobalSection
	GlobalSection(ExtensibilityGlobals) = postSolution
		SolutionGuid = {B052E373-D50A-4555-B897-981DAD41C2DD}
	EndGlobalSection
EndGlobal
